
Microsoft Visual Studio Solution File, Format Version 12.00
# Visual Studio Version 17
VisualStudioVersion = 17.11.35222.181
MinimumVisualStudioVersion = 10.0.40219.1
Project("{FAE04EC0-301F-11D3-BF4B-00C04F79EFBC}") = "ProjetoAgenda", "ProjetoAgenda.csproj", "{F9150661-D527-4AF4-B767-A226843B3F76}"
EndProject
Global
	GlobalSection(SolutionConfigurationPlatforms) = preSolution
		Debug|Any CPU = Debug|Any CPU
		Release|Any CPU = Release|Any CPU
	EndGlobalSection
	GlobalSection(ProjectConfigurationPlatforms) = postSolution
		{F9150661-D527-4AF4-B767-A226843B3F76}.Debug|Any CPU.ActiveCfg = Debug|Any CPU
		{F9150661-D527-4AF4-B767-A226843B3F76}.Debug|Any CPU.Build.0 = Debug|Any CPU
		{F9150661-D527-4AF4-B767-A226843B3F76}.Release|Any CPU.ActiveCfg = Release|Any CPU
		{F9150661-D527-4AF4-B767-A226843B3F76}.Release|Any CPU.Build.0 = Release|Any CPU
	EndGlobalSection
	GlobalSection(SolutionProperties) = preSolution
		HideSolutionNode = FALSE
	EndGlobalSection
	GlobalSection(ExtensibilityGlobals) = postSolution
		SolutionGuid = {9C66F76C-CE8C-426D-9A37-D0DCF9A5F8E2}
	EndGlobalSection
EndGlobal
